PODS:
  - RESTAPI (0.3.7):
    - SwiftyJSON
  - SwiftyJSON (5.0.1)

DEPENDENCIES:
  - RESTAPI (~> 0.3)

SPEC REPOS:
  trunk:
    - RESTAPI
    - SwiftyJSON

SPEC CHECKSUMS:
  RESTAPI: 603438c152363520dadec552cb1d271866ea8a89
  SwiftyJSON: 2f33a42c6fbc52764d96f13368585094bfd8aa5e

PODFILE CHECKSUM: 51d02e7113b89750ce85de405e9ae2fe2f54c2af

COCOAPODS: 1.11.2
