// !$*UTF8*$!
{
	archiveVersion = 1;
	classes = {
	};
	objectVersion = 55;
	objects = {

/* Begin PBXBuildFile section */
		692F35B7AC4A24A9FC4D3F68 /* Pods_Adopby.framework in Frameworks */ = {isa = PBXBuildFile; fileRef = C2F32A19401061ABE076B894 /* Pods_Adopby.framework */; };
		C427704A27E4BF9400E31569 /* Prompt-Medium.ttf in Resources */ = {isa = PBXBuildFile; fileRef = C427704427E4BF9400E31569 /* Prompt-Medium.ttf */; };
		C427704B27E4BF9400E31569 /* Prompt-Regular.ttf in Resources */ = {isa = PBXBuildFile; fileRef = C427704527E4BF9400E31569 /* Prompt-Regular.ttf */; };
		C427704C27E4BF9400E31569 /* Prompt-Thin.ttf in Resources */ = {isa = PBXBuildFile; fileRef = C427704627E4BF9400E31569 /* Prompt-Thin.ttf */; };
		C427704D27E4BF9400E31569 /* Prompt-Bold.ttf in Resources */ = {isa = PBXBuildFile; fileRef = C427704727E4BF9400E31569 /* Prompt-Bold.ttf */; };
		C427704E27E4BF9400E31569 /* Prompt-SemiBold.ttf in Resources */ = {isa = PBXBuildFile; fileRef = C427704827E4BF9400E31569 /* Prompt-SemiBold.ttf */; };
		C427704F27E4BF9400E31569 /* Prompt-Light.ttf in Resources */ = {isa = PBXBuildFile; fileRef = C427704927E4BF9400E31569 /* Prompt-Light.ttf */; };
		C427705127E4C3FF00E31569 /* md_Users.swift in Sources */ = {isa = PBXBuildFile; fileRef = C427705027E4C3FF00E31569 /* md_Users.swift */; };
		C427706427E4E11400E31569 /* BaseTabbar.swift in Sources */ = {isa = PBXBuildFile; fileRef = C427706327E4E11400E31569 /* BaseTabbar.swift */; };
		C427706627E4E1A200E31569 /* HomeViewController.swift in Sources */ = {isa = PBXBuildFile; fileRef = C427706527E4E1A200E31569 /* HomeViewController.swift */; };
		C43DEE8B27FF29C600CDDBA3 /* md_Hospitals.swift in Sources */ = {isa = PBXBuildFile; fileRef = C43DEE8A27FF29C600CDDBA3 /* md_Hospitals.swift */; };
		C43DEE8D27FF504E00CDDBA3 /* loading.gif in Resources */ = {isa = PBXBuildFile; fileRef = C43DEE8C27FF504D00CDDBA3 /* loading.gif */; };
		C444D89827FF546800187A11 /* type.swift in Sources */ = {isa = PBXBuildFile; fileRef = C444D89727FF546800187A11 /* type.swift */; };
		C487A09127EB212000BAA39D /* GoogleService-Info.plist in Resources */ = {isa = PBXBuildFile; fileRef = C487A09027EB212000BAA39D /* GoogleService-Info.plist */; };
		C489F69527E6563600CB5878 /* RegisterViewController.swift in Sources */ = {isa = PBXBuildFile; fileRef = C489F69427E6563600CB5878 /* RegisterViewController.swift */; };
		C48D981C27FE0AEF00CE01F0 /* ChatViewController.swift in Sources */ = {isa = PBXBuildFile; fileRef = C48D981B27FE0AEF00CE01F0 /* ChatViewController.swift */; };
		C48D981E27FE0AFD00CE01F0 /* PostViewController.swift in Sources */ = {isa = PBXBuildFile; fileRef = C48D981D27FE0AFD00CE01F0 /* PostViewController.swift */; };
		C48D982027FE0B0900CE01F0 /* MissingViewController.swift in Sources */ = {isa = PBXBuildFile; fileRef = C48D981F27FE0B0900CE01F0 /* MissingViewController.swift */; };
		C48D982227FE0B1900CE01F0 /* SearchViewController.swift in Sources */ = {isa = PBXBuildFile; fileRef = C48D982127FE0B1900CE01F0 /* SearchViewController.swift */; };
		C48D982427FE1B1A00CE01F0 /* MapKit.framework in Frameworks */ = {isa = PBXBuildFile; fileRef = C48D982327FE1B1A00CE01F0 /* MapKit.framework */; };
		C499035627E26A6B00BEBC56 /* Extensions.swift in Sources */ = {isa = PBXBuildFile; fileRef = C499035527E26A6B00BEBC56 /* Extensions.swift */; };
		C4AB677527E2072400CC3E87 /* md_PetShop.swift in Sources */ = {isa = PBXBuildFile; fileRef = C4AB677427E2072400CC3E87 /* md_PetShop.swift */; };
		C4C1930727FF627700E47779 /* cat.png in Resources */ = {isa = PBXBuildFile; fileRef = C4C1930527FF627700E47779 /* cat.png */; };
		C4C1930827FF627700E47779 /* dog.png in Resources */ = {isa = PBXBuildFile; fileRef = C4C1930627FF627700E47779 /* dog.png */; };
		C4DB087227EB2C7F00627B14 /* HomeTableViewCell.swift in Sources */ = {isa = PBXBuildFile; fileRef = C4DB087027EB2C7F00627B14 /* HomeTableViewCell.swift */; };
		C4DB087327EB2C7F00627B14 /* HomeTableViewCell.xib in Resources */ = {isa = PBXBuildFile; fileRef = C4DB087127EB2C7F00627B14 /* HomeTableViewCell.xib */; };
		C4DB087527EB3A7600627B14 /* md_PetPost.swift in Sources */ = {isa = PBXBuildFile; fileRef = C4DB087427EB3A7600627B14 /* md_PetPost.swift */; };
		C4EBFB1D27E202C4007DCC44 /* AppDelegate.swift in Sources */ = {isa = PBXBuildFile; fileRef = C4EBFB1C27E202C4007DCC44 /* AppDelegate.swift */; };
		C4EBFB1F27E202C4007DCC44 /* SceneDelegate.swift in Sources */ = {isa = PBXBuildFile; fileRef = C4EBFB1E27E202C4007DCC44 /* SceneDelegate.swift */; };
		C4EBFB2127E202C4007DCC44 /* LoginViewController.swift in Sources */ = {isa = PBXBuildFile; fileRef = C4EBFB2027E202C4007DCC44 /* LoginViewController.swift */; };
		C4EBFB2427E202C4007DCC44 /* Main.storyboard in Resources */ = {isa = PBXBuildFile; fileRef = C4EBFB2227E202C4007DCC44 /* Main.storyboard */; };
		C4EBFB2627E202C6007DCC44 /* Assets.xcassets in Resources */ = {isa = PBXBuildFile; fileRef = C4EBFB2527E202C6007DCC44 /* Assets.xcassets */; };
		C4EBFB2927E202C6007DCC44 /* LaunchScreen.storyboard in Resources */ = {isa = PBXBuildFile; fileRef = C4EBFB2727E202C6007DCC44 /* LaunchScreen.storyboard */; };
/* End PBXBuildFile section */

/* Begin PBXFileReference section */
		211E0A83EA1D450581E3E236 /* Pods-Adopby.debug.xcconfig */ = {isa = PBXFileReference; includeInIndex = 1; lastKnownFileType = text.xcconfig; name = "Pods-Adopby.debug.xcconfig"; path = "Target Support Files/Pods-Adopby/Pods-Adopby.debug.xcconfig"; sourceTree = "<group>"; };
		C2F32A19401061ABE076B894 /* Pods_Adopby.framework */ = {isa = PBXFileReference; explicitFileType = wrapper.framework; includeInIndex = 0; path = Pods_Adopby.framework; sourceTree = BUILT_PRODUCTS_DIR; };
		C427704427E4BF9400E31569 /* Prompt-Medium.ttf */ = {isa = PBXFileReference; lastKnownFileType = file; path = "Prompt-Medium.ttf"; sourceTree = "<group>"; };
		C427704527E4BF9400E31569 /* Prompt-Regular.ttf */ = {isa = PBXFileReference; lastKnownFileType = file; path = "Prompt-Regular.ttf"; sourceTree = "<group>"; };
		C427704627E4BF9400E31569 /* Prompt-Thin.ttf */ = {isa = PBXFileReference; lastKnownFileType = file; path = "Prompt-Thin.ttf"; sourceTree = "<group>"; };
		C427704727E4BF9400E31569 /* Prompt-Bold.ttf */ = {isa = PBXFileReference; lastKnownFileType = file; path = "Prompt-Bold.ttf"; sourceTree = "<group>"; };
		C427704827E4BF9400E31569 /* Prompt-SemiBold.ttf */ = {isa = PBXFileReference; lastKnownFileType = file; path = "Prompt-SemiBold.ttf"; sourceTree = "<group>"; };
		C427704927E4BF9400E31569 /* Prompt-Light.ttf */ = {isa = PBXFileReference; lastKnownFileType = file; path = "Prompt-Light.ttf"; sourceTree = "<group>"; };
		C427705027E4C3FF00E31569 /* md_Users.swift */ = {isa = PBXFileReference; lastKnownFileType = sourcecode.swift; path = md_Users.swift; sourceTree = "<group>"; };
		C427706327E4E11400E31569 /* BaseTabbar.swift */ = {isa = PBXFileReference; lastKnownFileType = sourcecode.swift; path = BaseTabbar.swift; sourceTree = "<group>"; };
		C427706527E4E1A200E31569 /* HomeViewController.swift */ = {isa = PBXFileReference; lastKnownFileType = sourcecode.swift; path = HomeViewController.swift; sourceTree = "<group>"; };
		C43DEE8A27FF29C600CDDBA3 /* md_Hospitals.swift */ = {isa = PBXFileReference; lastKnownFileType = sourcecode.swift; path = md_Hospitals.swift; sourceTree = "<group>"; };
		C43DEE8C27FF504D00CDDBA3 /* loading.gif */ = {isa = PBXFileReference; lastKnownFileType = image.gif; path = loading.gif; sourceTree = "<group>"; };
		C444D89727FF546800187A11 /* type.swift */ = {isa = PBXFileReference; fileEncoding = 4; lastKnownFileType = sourcecode.swift; path = type.swift; sourceTree = "<group>"; };
		C487A09027EB212000BAA39D /* GoogleService-Info.plist */ = {isa = PBXFileReference; fileEncoding = 4; lastKnownFileType = text.plist.xml; path = "GoogleService-Info.plist"; sourceTree = "<group>"; };
		C489F69427E6563600CB5878 /* RegisterViewController.swift */ = {isa = PBXFileReference; lastKnownFileType = sourcecode.swift; path = RegisterViewController.swift; sourceTree = "<group>"; };
		C48D981B27FE0AEF00CE01F0 /* ChatViewController.swift */ = {isa = PBXFileReference; lastKnownFileType = sourcecode.swift; path = ChatViewController.swift; sourceTree = "<group>"; };
		C48D981D27FE0AFD00CE01F0 /* PostViewController.swift */ = {isa = PBXFileReference; lastKnownFileType = sourcecode.swift; path = PostViewController.swift; sourceTree = "<group>"; };
		C48D981F27FE0B0900CE01F0 /* MissingViewController.swift */ = {isa = PBXFileReference; lastKnownFileType = sourcecode.swift; path = MissingViewController.swift; sourceTree = "<group>"; };
		C48D982127FE0B1900CE01F0 /* SearchViewController.swift */ = {isa = PBXFileReference; lastKnownFileType = sourcecode.swift; path = SearchViewController.swift; sourceTree = "<group>"; };
		C48D982327FE1B1A00CE01F0 /* MapKit.framework */ = {isa = PBXFileReference; lastKnownFileType = wrapper.framework; name = MapKit.framework; path = System/Library/Frameworks/MapKit.framework; sourceTree = SDKROOT; };
		C499035527E26A6B00BEBC56 /* Extensions.swift */ = {isa = PBXFileReference; lastKnownFileType = sourcecode.swift; path = Extensions.swift; sourceTree = "<group>"; };
		C4AB677427E2072400CC3E87 /* md_PetShop.swift */ = {isa = PBXFileReference; lastKnownFileType = sourcecode.swift; path = md_PetShop.swift; sourceTree = "<group>"; };
		C4C1930527FF627700E47779 /* cat.png */ = {isa = PBXFileReference; lastKnownFileType = image.png; path = cat.png; sourceTree = "<group>"; };
		C4C1930627FF627700E47779 /* dog.png */ = {isa = PBXFileReference; lastKnownFileType = image.png; path = dog.png; sourceTree = "<group>"; };
		C4DB087027EB2C7F00627B14 /* HomeTableViewCell.swift */ = {isa = PBXFileReference; lastKnownFileType = sourcecode.swift; path = HomeTableViewCell.swift; sourceTree = "<group>"; };
		C4DB087127EB2C7F00627B14 /* HomeTableViewCell.xib */ = {isa = PBXFileReference; lastKnownFileType = file.xib; path = HomeTableViewCell.xib; sourceTree = "<group>"; };
		C4DB087427EB3A7600627B14 /* md_PetPost.swift */ = {isa = PBXFileReference; lastKnownFileType = sourcecode.swift; path = md_PetPost.swift; sourceTree = "<group>"; };
		C4EBFB1927E202C4007DCC44 /* Adopby.app */ = {isa = PBXFileReference; explicitFileType = wrapper.application; includeInIndex = 0; path = Adopby.app; sourceTree = BUILT_PRODUCTS_DIR; };
		C4EBFB1C27E202C4007DCC44 /* AppDelegate.swift */ = {isa = PBXFileReference; lastKnownFileType = sourcecode.swift; path = AppDelegate.swift; sourceTree = "<group>"; };
		C4EBFB1E27E202C4007DCC44 /* SceneDelegate.swift */ = {isa = PBXFileReference; lastKnownFileType = sourcecode.swift; path = SceneDelegate.swift; sourceTree = "<group>"; };
		C4EBFB2027E202C4007DCC44 /* LoginViewController.swift */ = {isa = PBXFileReference; lastKnownFileType = sourcecode.swift; path = LoginViewController.swift; sourceTree = "<group>"; };
		C4EBFB2327E202C4007DCC44 /* Base */ = {isa = PBXFileReference; lastKnownFileType = file.storyboard; name = Base; path = Base.lproj/Main.storyboard; sourceTree = "<group>"; };
		C4EBFB2527E202C6007DCC44 /* Assets.xcassets */ = {isa = PBXFileReference; lastKnownFileType = folder.assetcatalog; path = Assets.xcassets; sourceTree = "<group>"; };
		C4EBFB2827E202C6007DCC44 /* Base */ = {isa = PBXFileReference; lastKnownFileType = file.storyboard; name = Base; path = Base.lproj/LaunchScreen.storyboard; sourceTree = "<group>"; };
		C4EBFB2A27E202C6007DCC44 /* Info.plist */ = {isa = PBXFileReference; lastKnownFileType = text.plist.xml; path = Info.plist; sourceTree = "<group>"; };
		FEAAA37CEBAA210D168F4FC2 /* Pods-Adopby.release.xcconfig */ = {isa = PBXFileReference; includeInIndex = 1; lastKnownFileType = text.xcconfig; name = "Pods-Adopby.release.xcconfig"; path = "Target Support Files/Pods-Adopby/Pods-Adopby.release.xcconfig"; sourceTree = "<group>"; };
/* End PBXFileReference section */

/* Begin PBXFrameworksBuildPhase section */
		C4EBFB1627E202C4007DCC44 /* Frameworks */ = {
			isa = PBXFrameworksBuildPhase;
			buildActionMask = 2147483647;
			files = (
				C48D982427FE1B1A00CE01F0 /* MapKit.framework in Frameworks */,
				692F35B7AC4A24A9FC4D3F68 /* Pods_Adopby.framework in Frameworks */,
			);
			runOnlyForDeploymentPostprocessing = 0;
		};
/* End PBXFrameworksBuildPhase section */

/* Begin PBXGroup section */
		80D34DA761CA11F6AAF9A213 /* Frameworks */ = {
			isa = PBXGroup;
			children = (
				C48D982327FE1B1A00CE01F0 /* MapKit.framework */,
				C2F32A19401061ABE076B894 /* Pods_Adopby.framework */,
			);
			name = Frameworks;
			sourceTree = "<group>";
		};
		C427706727E4E54B00E31569 /* Sub-VC */ = {
			isa = PBXGroup;
			children = (
				C427706527E4E1A200E31569 /* HomeViewController.swift */,
				C48D981B27FE0AEF00CE01F0 /* ChatViewController.swift */,
				C48D981D27FE0AFD00CE01F0 /* PostViewController.swift */,
				C48D981F27FE0B0900CE01F0 /* MissingViewController.swift */,
				C48D982127FE0B1900CE01F0 /* SearchViewController.swift */,
				C4DB086D27EB2C3500627B14 /* Table-cell */,
			);
			path = "Sub-VC";
			sourceTree = "<group>";
		};
		C499035727E26BB300BEBC56 /* Storyboard */ = {
			isa = PBXGroup;
			children = (
				C4EBFB2227E202C4007DCC44 /* Main.storyboard */,
				C4EBFB2727E202C6007DCC44 /* LaunchScreen.storyboard */,
			);
			path = Storyboard;
			sourceTree = "<group>";
		};
		C499035827E26BBB00BEBC56 /* Fonts */ = {
			isa = PBXGroup;
			children = (
				C427704727E4BF9400E31569 /* Prompt-Bold.ttf */,
				C427704927E4BF9400E31569 /* Prompt-Light.ttf */,
				C427704427E4BF9400E31569 /* Prompt-Medium.ttf */,
				C427704527E4BF9400E31569 /* Prompt-Regular.ttf */,
				C427704827E4BF9400E31569 /* Prompt-SemiBold.ttf */,
				C427704627E4BF9400E31569 /* Prompt-Thin.ttf */,
			);
			path = Fonts;
			sourceTree = "<group>";
		};
		C499037127E26CCB00BEBC56 /* VC */ = {
			isa = PBXGroup;
			children = (
				C4EBFB2027E202C4007DCC44 /* LoginViewController.swift */,
				C489F69427E6563600CB5878 /* RegisterViewController.swift */,
				C427706327E4E11400E31569 /* BaseTabbar.swift */,
				C427706727E4E54B00E31569 /* Sub-VC */,
			);
			path = VC;
			sourceTree = "<group>";
		};
		C4AB677327E2070100CC3E87 /* Struct_API */ = {
			isa = PBXGroup;
			children = (
				C4AB677427E2072400CC3E87 /* md_PetShop.swift */,
				C43DEE8A27FF29C600CDDBA3 /* md_Hospitals.swift */,
				C4DB087427EB3A7600627B14 /* md_PetPost.swift */,
				C427705027E4C3FF00E31569 /* md_Users.swift */,
			);
			path = Struct_API;
			sourceTree = "<group>";
		};
		C4C1930427FF626400E47779 /* Image */ = {
			isa = PBXGroup;
			children = (
				C43DEE8C27FF504D00CDDBA3 /* loading.gif */,
				C4C1930527FF627700E47779 /* cat.png */,
				C4C1930627FF627700E47779 /* dog.png */,
			);
			path = Image;
			sourceTree = "<group>";
		};
		C4DB086D27EB2C3500627B14 /* Table-cell */ = {
			isa = PBXGroup;
			children = (
				C4DB087027EB2C7F00627B14 /* HomeTableViewCell.swift */,
				C4DB087127EB2C7F00627B14 /* HomeTableViewCell.xib */,
			);
			path = "Table-cell";
			sourceTree = "<group>";
		};
		C4EBFB1027E202C4007DCC44 = {
			isa = PBXGroup;
			children = (
				C4EBFB1B27E202C4007DCC44 /* Adopby */,
				C4EBFB1A27E202C4007DCC44 /* Products */,
				EEC903E673A1F4D5EF1F5963 /* Pods */,
				80D34DA761CA11F6AAF9A213 /* Frameworks */,
			);
			sourceTree = "<group>";
		};
		C4EBFB1A27E202C4007DCC44 /* Products */ = {
			isa = PBXGroup;
			children = (
				C4EBFB1927E202C4007DCC44 /* Adopby.app */,
			);
			name = Products;
			sourceTree = "<group>";
		};
		C4EBFB1B27E202C4007DCC44 /* Adopby */ = {
			isa = PBXGroup;
			children = (
				C4EBFB1C27E202C4007DCC44 /* AppDelegate.swift */,
				C4EBFB1E27E202C4007DCC44 /* SceneDelegate.swift */,
				C499035527E26A6B00BEBC56 /* Extensions.swift */,
				C444D89727FF546800187A11 /* type.swift */,
				C499037127E26CCB00BEBC56 /* VC */,
				C4AB677327E2070100CC3E87 /* Struct_API */,
				C499035727E26BB300BEBC56 /* Storyboard */,
				C499035827E26BBB00BEBC56 /* Fonts */,
				C4EBFB2527E202C6007DCC44 /* Assets.xcassets */,
				C4C1930427FF626400E47779 /* Image */,
				C4EBFB2A27E202C6007DCC44 /* Info.plist */,
				C487A09027EB212000BAA39D /* GoogleService-Info.plist */,
			);
			path = Adopby;
			sourceTree = "<group>";
		};
		EEC903E673A1F4D5EF1F5963 /* Pods */ = {
			isa = PBXGroup;
			children = (
				211E0A83EA1D450581E3E236 /* Pods-Adopby.debug.xcconfig */,
				FEAAA37CEBAA210D168F4FC2 /* Pods-Adopby.release.xcconfig */,
			);
			path = Pods;
			sourceTree = "<group>";
		};
/* End PBXGroup section */

/* Begin PBXNativeTarget section */
		C4EBFB1827E202C4007DCC44 /* Adopby */ = {
			isa = PBXNativeTarget;
			buildConfigurationList = C4EBFB2D27E202C6007DCC44 /* Build configuration list for PBXNativeTarget "Adopby" */;
			buildPhases = (
				7ED8611E2CF9E89F36A8FA33 /* [CP] Check Pods Manifest.lock */,
				C4EBFB1527E202C4007DCC44 /* Sources */,
				C4EBFB1627E202C4007DCC44 /* Frameworks */,
				C4EBFB1727E202C4007DCC44 /* Resources */,
				6C73D01E1C1921B4D839B6B1 /* [CP] Embed Pods Frameworks */,
			);
			buildRules = (
			);
			dependencies = (
			);
			name = Adopby;
			productName = Adopby;
			productReference = C4EBFB1927E202C4007DCC44 /* Adopby.app */;
			productType = "com.apple.product-type.application";
		};
/* End PBXNativeTarget section */

/* Begin PBXProject section */
		C4EBFB1127E202C4007DCC44 /* Project object */ = {
			isa = PBXProject;
			attributes = {
				BuildIndependentTargetsInParallel = 1;
				LastSwiftUpdateCheck = 1320;
				LastUpgradeCheck = 1320;
				TargetAttributes = {
					C4EBFB1827E202C4007DCC44 = {
						CreatedOnToolsVersion = 13.2.1;
					};
				};
			};
			buildConfigurationList = C4EBFB1427E202C4007DCC44 /* Build configuration list for PBXProject "Adopby" */;
			compatibilityVersion = "Xcode 13.0";
			developmentRegion = en;
			hasScannedForEncodings = 0;
			knownRegions = (
				en,
				Base,
			);
			mainGroup = C4EBFB1027E202C4007DCC44;
			productRefGroup = C4EBFB1A27E202C4007DCC44 /* Products */;
			projectDirPath = "";
			projectRoot = "";
			targets = (
				C4EBFB1827E202C4007DCC44 /* Adopby */,
			);
		};
/* End PBXProject section */

/* Begin PBXResourcesBuildPhase section */
		C4EBFB1727E202C4007DCC44 /* Resources */ = {
			isa = PBXResourcesBuildPhase;
			buildActionMask = 2147483647;
			files = (
				C4C1930827FF627700E47779 /* dog.png in Resources */,
				C4C1930727FF627700E47779 /* cat.png in Resources */,
				C4DB087327EB2C7F00627B14 /* HomeTableViewCell.xib in Resources */,
				C4EBFB2927E202C6007DCC44 /* LaunchScreen.storyboard in Resources */,
				C427704A27E4BF9400E31569 /* Prompt-Medium.ttf in Resources */,
				C427704B27E4BF9400E31569 /* Prompt-Regular.ttf in Resources */,
				C4EBFB2627E202C6007DCC44 /* Assets.xcassets in Resources */,
				C4EBFB2427E202C4007DCC44 /* Main.storyboard in Resources */,
				C427704E27E4BF9400E31569 /* Prompt-SemiBold.ttf in Resources */,
				C427704D27E4BF9400E31569 /* Prompt-Bold.ttf in Resources */,
				C487A09127EB212000BAA39D /* GoogleService-Info.plist in Resources */,
				C43DEE8D27FF504E00CDDBA3 /* loading.gif in Resources */,
				C427704F27E4BF9400E31569 /* Prompt-Light.ttf in Resources */,
				C427704C27E4BF9400E31569 /* Prompt-Thin.ttf in Resources */,
			);
			runOnlyForDeploymentPostprocessing = 0;
		};
/* End PBXResourcesBuildPhase section */

/* Begin PBXShellScriptBuildPhase section */
		6C73D01E1C1921B4D839B6B1 /* [CP] Embed Pods Frameworks */ = {
			isa = PBXShellScriptBuildPhase;
			buildActionMask = 2147483647;
			files = (
			);
			inputFileListPaths = (
				"${PODS_ROOT}/Target Support Files/Pods-Adopby/Pods-Adopby-frameworks-${CONFIGURATION}-input-files.xcfilelist",
			);
			name = "[CP] Embed Pods Frameworks";
			outputFileListPaths = (
				"${PODS_ROOT}/Target Support Files/Pods-Adopby/Pods-Adopby-frameworks-${CONFIGURATION}-output-files.xcfilelist",
			);
			runOnlyForDeploymentPostprocessing = 0;
			shellPath = /bin/sh;
			shellScript = "\"${PODS_ROOT}/Target Support Files/Pods-Adopby/Pods-Adopby-frameworks.sh\"\n";
			showEnvVarsInLog = 0;
		};
		7ED8611E2CF9E89F36A8FA33 /* [CP] Check Pods Manifest.lock */ = {
			isa = PBXShellScriptBuildPhase;
			buildActionMask = 2147483647;
			files = (
			);
			inputFileListPaths = (
			);
			inputPaths = (
				"${PODS_PODFILE_DIR_PATH}/Podfile.lock",
				"${PODS_ROOT}/Manifest.lock",
			);
			name = "[CP] Check Pods Manifest.lock";
			outputFileListPaths = (
			);
			outputPaths = (
				"$(DERIVED_FILE_DIR)/Pods-Adopby-checkManifestLockResult.txt",
			);
			runOnlyForDeploymentPostprocessing = 0;
			shellPath = /bin/sh;
			shellScript = "diff \"${PODS_PODFILE_DIR_PATH}/Podfile.lock\" \"${PODS_ROOT}/Manifest.lock\" > /dev/null\nif [ $? != 0 ] ; then\n    # print error to STDERR\n    echo \"error: The sandbox is not in sync with the Podfile.lock. Run 'pod install' or update your CocoaPods installation.\" >&2\n    exit 1\nfi\n# This output is used by Xcode 'outputs' to avoid re-running this script phase.\necho \"SUCCESS\" > \"${SCRIPT_OUTPUT_FILE_0}\"\n";
			showEnvVarsInLog = 0;
		};
/* End PBXShellScriptBuildPhase section */

/* Begin PBXSourcesBuildPhase section */
		C4EBFB1527E202C4007DCC44 /* Sources */ = {
			isa = PBXSourcesBuildPhase;
			buildActionMask = 2147483647;
			files = (
				C444D89827FF546800187A11 /* type.swift in Sources */,
				C48D982227FE0B1900CE01F0 /* SearchViewController.swift in Sources */,
				C489F69527E6563600CB5878 /* RegisterViewController.swift in Sources */,
				C48D982027FE0B0900CE01F0 /* MissingViewController.swift in Sources */,
				C499035627E26A6B00BEBC56 /* Extensions.swift in Sources */,
				C43DEE8B27FF29C600CDDBA3 /* md_Hospitals.swift in Sources */,
				C4EBFB2127E202C4007DCC44 /* LoginViewController.swift in Sources */,
				C48D981E27FE0AFD00CE01F0 /* PostViewController.swift in Sources */,
				C427706427E4E11400E31569 /* BaseTabbar.swift in Sources */,
				C4DB087527EB3A7600627B14 /* md_PetPost.swift in Sources */,
				C427706627E4E1A200E31569 /* HomeViewController.swift in Sources */,
				C4AB677527E2072400CC3E87 /* md_PetShop.swift in Sources */,
				C4DB087227EB2C7F00627B14 /* HomeTableViewCell.swift in Sources */,
				C4EBFB1D27E202C4007DCC44 /* AppDelegate.swift in Sources */,
				C4EBFB1F27E202C4007DCC44 /* SceneDelegate.swift in Sources */,
				C48D981C27FE0AEF00CE01F0 /* ChatViewController.swift in Sources */,
				C427705127E4C3FF00E31569 /* md_Users.swift in Sources */,
			);
			runOnlyForDeploymentPostprocessing = 0;
		};
/* End PBXSourcesBuildPhase section */

/* Begin PBXVariantGroup section */
		C4EBFB2227E202C4007DCC44 /* Main.storyboard */ = {
			isa = PBXVariantGroup;
			children = (
				C4EBFB2327E202C4007DCC44 /* Base */,
			);
			name = Main.storyboard;
			sourceTree = "<group>";
		};
		C4EBFB2727E202C6007DCC44 /* LaunchScreen.storyboard */ = {
			isa = PBXVariantGroup;
			children = (
				C4EBFB2827E202C6007DCC44 /* Base */,
			);
			name = LaunchScreen.storyboard;
			sourceTree = "<group>";
		};
/* End PBXVariantGroup section */

/* Begin XCBuildConfiguration section */
		C4EBFB2B27E202C6007DCC44 /* Debug */ = {
			isa = XCBuildConfiguration;
			buildSettings = {
				ALWAYS_SEARCH_USER_PATHS = NO;
				CLANG_ANALYZER_NONNULL = YES;
				CLANG_ANALYZER_NUMBER_OBJECT_CONVERSION = YES_AGGRESSIVE;
				CLANG_CXX_LANGUAGE_STANDARD = "gnu++17";
				CLANG_CXX_LIBRARY = "libc++";
				CLANG_ENABLE_MODULES = YES;
				CLANG_ENABLE_OBJC_ARC = YES;
				CLANG_ENABLE_OBJC_WEAK = YES;
				CLANG_WARN_BLOCK_CAPTURE_AUTORELEASING = YES;
				CLANG_WARN_BOOL_CONVERSION = YES;
				CLANG_WARN_COMMA = YES;
				CLANG_WARN_CONSTANT_CONVERSION = YES;
				CLANG_WARN_DEPRECATED_OBJC_IMPLEMENTATIONS = YES;
				CLANG_WARN_DIRECT_OBJC_ISA_USAGE = YES_ERROR;
				CLANG_WARN_DOCUMENTATION_COMMENTS = YES;
				CLANG_WARN_EMPTY_BODY = YES;
				CLANG_WARN_ENUM_CONVERSION = YES;
				CLANG_WARN_INFINITE_RECURSION = YES;
				CLANG_WARN_INT_CONVERSION = YES;
				CLANG_WARN_NON_LITERAL_NULL_CONVERSION = YES;
				CLANG_WARN_OBJC_IMPLICIT_RETAIN_SELF = YES;
				CLANG_WARN_OBJC_LITERAL_CONVERSION = YES;
				CLANG_WARN_OBJC_ROOT_CLASS = YES_ERROR;
				CLANG_WARN_QUOTED_INCLUDE_IN_FRAMEWORK_HEADER = YES;
				CLANG_WARN_RANGE_LOOP_ANALYSIS = YES;
				CLANG_WARN_STRICT_PROTOTYPES = YES;
				CLANG_WARN_SUSPICIOUS_MOVE = YES;
				CLANG_WARN_UNGUARDED_AVAILABILITY = YES_AGGRESSIVE;
				CLANG_WARN_UNREACHABLE_CODE = YES;
				CLANG_WARN__DUPLICATE_METHOD_MATCH = YES;
				COPY_PHASE_STRIP = NO;
				DEBUG_INFORMATION_FORMAT = dwarf;
				ENABLE_STRICT_OBJC_MSGSEND = YES;
				ENABLE_TESTABILITY = YES;
				GCC_C_LANGUAGE_STANDARD = gnu11;
				GCC_DYNAMIC_NO_PIC = NO;
				GCC_NO_COMMON_BLOCKS = YES;
				GCC_OPTIMIZATION_LEVEL = 0;
				GCC_PREPROCESSOR_DEFINITIONS = (
					"DEBUG=1",
					"$(inherited)",
				);
				GCC_WARN_64_TO_32_BIT_CONVERSION = YES;
				GCC_WARN_ABOUT_RETURN_TYPE = YES_ERROR;
				GCC_WARN_UNDECLARED_SELECTOR = YES;
				GCC_WARN_UNINITIALIZED_AUTOS = YES_AGGRESSIVE;
				GCC_WARN_UNUSED_FUNCTION = YES;
				GCC_WARN_UNUSED_VARIABLE = YES;
				IPHONEOS_DEPLOYMENT_TARGET = 15.2;
				MTL_ENABLE_DEBUG_INFO = INCLUDE_SOURCE;
				MTL_FAST_MATH = YES;
				ONLY_ACTIVE_ARCH = YES;
				SDKROOT = iphoneos;
				SWIFT_ACTIVE_COMPILATION_CONDITIONS = DEBUG;
				SWIFT_OPTIMIZATION_LEVEL = "-Onone";
			};
			name = Debug;
		};
		C4EBFB2C27E202C6007DCC44 /* Release */ = {
			isa = XCBuildConfiguration;
			buildSettings = {
				ALWAYS_SEARCH_USER_PATHS = NO;
				CLANG_ANALYZER_NONNULL = YES;
				CLANG_ANALYZER_NUMBER_OBJECT_CONVERSION = YES_AGGRESSIVE;
				CLANG_CXX_LANGUAGE_STANDARD = "gnu++17";
				CLANG_CXX_LIBRARY = "libc++";
				CLANG_ENABLE_MODULES = YES;
				CLANG_ENABLE_OBJC_ARC = YES;
				CLANG_ENABLE_OBJC_WEAK = YES;
				CLANG_WARN_BLOCK_CAPTURE_AUTORELEASING = YES;
				CLANG_WARN_BOOL_CONVERSION = YES;
				CLANG_WARN_COMMA = YES;
				CLANG_WARN_CONSTANT_CONVERSION = YES;
				CLANG_WARN_DEPRECATED_OBJC_IMPLEMENTATIONS = YES;
				CLANG_WARN_DIRECT_OBJC_ISA_USAGE = YES_ERROR;
				CLANG_WARN_DOCUMENTATION_COMMENTS = YES;
				CLANG_WARN_EMPTY_BODY = YES;
				CLANG_WARN_ENUM_CONVERSION = YES;
				CLANG_WARN_INFINITE_RECURSION = YES;
				CLANG_WARN_INT_CONVERSION = YES;
				CLANG_WARN_NON_LITERAL_NULL_CONVERSION = YES;
				CLANG_WARN_OBJC_IMPLICIT_RETAIN_SELF = YES;
				CLANG_WARN_OBJC_LITERAL_CONVERSION = YES;
				CLANG_WARN_OBJC_ROOT_CLASS = YES_ERROR;
				CLANG_WARN_QUOTED_INCLUDE_IN_FRAMEWORK_HEADER = YES;
				CLANG_WARN_RANGE_LOOP_ANALYSIS = YES;
				CLANG_WARN_STRICT_PROTOTYPES = YES;
				CLANG_WARN_SUSPICIOUS_MOVE = YES;
				CLANG_WARN_UNGUARDED_AVAILABILITY = YES_AGGRESSIVE;
				CLANG_WARN_UNREACHABLE_CODE = YES;
				CLANG_WARN__DUPLICATE_METHOD_MATCH = YES;
				COPY_PHASE_STRIP = NO;
				DEBUG_INFORMATION_FORMAT = "dwarf-with-dsym";
				ENABLE_NS_ASSERTIONS = NO;
				ENABLE_STRICT_OBJC_MSGSEND = YES;
				GCC_C_LANGUAGE_STANDARD = gnu11;
				GCC_NO_COMMON_BLOCKS = YES;
				GCC_WARN_64_TO_32_BIT_CONVERSION = YES;
				GCC_WARN_ABOUT_RETURN_TYPE = YES_ERROR;
				GCC_WARN_UNDECLARED_SELECTOR = YES;
				GCC_WARN_UNINITIALIZED_AUTOS = YES_AGGRESSIVE;
				GCC_WARN_UNUSED_FUNCTION = YES;
				GCC_WARN_UNUSED_VARIABLE = YES;
				IPHONEOS_DEPLOYMENT_TARGET = 15.2;
				MTL_ENABLE_DEBUG_INFO = NO;
				MTL_FAST_MATH = YES;
				SDKROOT = iphoneos;
				SWIFT_COMPILATION_MODE = wholemodule;
				SWIFT_OPTIMIZATION_LEVEL = "-O";
				VALIDATE_PRODUCT = YES;
			};
			name = Release;
		};
		C4EBFB2E27E202C6007DCC44 /* Debug */ = {
			isa = XCBuildConfiguration;
			baseConfigurationReference = 211E0A83EA1D450581E3E236 /* Pods-Adopby.debug.xcconfig */;
			buildSettings = {
				ASSETCATALOG_COMPILER_APPICON_NAME = AppIcon;
				ASSETCATALOG_COMPILER_GLOBAL_ACCENT_COLOR_NAME = AccentColor;
				CODE_SIGN_STYLE = Automatic;
				CURRENT_PROJECT_VERSION = 1;
				DEVELOPMENT_TEAM = 4555MH983H;
				GENERATE_INFOPLIST_FILE = YES;
				INFOPLIST_FILE = Adopby/Info.plist;
				INFOPLIST_KEY_UIApplicationSupportsIndirectInputEvents = YES;
				INFOPLIST_KEY_UILaunchStoryboardName = LaunchScreen;
				INFOPLIST_KEY_UIMainStoryboardFile = Main;
				INFOPLIST_KEY_UISupportedInterfaceOrientations = UIInterfaceOrientationPortrait;
				INFOPLIST_KEY_UISupportedInterfaceOrientations_iPad = "UIInterfaceOrientationPortrait UIInterfaceOrientationPortraitUpsideDown UIInterfaceOrientationLandscapeLeft UIInterfaceOrientationLandscapeRight";
				INFOPLIST_KEY_UISupportedInterfaceOrientations_iPhone = "UIInterfaceOrientationPortrait UIInterfaceOrientationLandscapeLeft UIInterfaceOrientationLandscapeRight";
				IPHONEOS_DEPLOYMENT_TARGET = 13.0;
				LD_RUNPATH_SEARCH_PATHS = (
					"$(inherited)",
					"@executable_path/Frameworks",
				);
				MARKETING_VERSION = 1.0;
				PRODUCT_BUNDLE_IDENTIFIER = com.hatto.Adopby;
				PRODUCT_NAME = "$(TARGET_NAME)";
				SWIFT_EMIT_LOC_STRINGS = YES;
				SWIFT_VERSION = 5.0;
				TARGETED_DEVICE_FAMILY = 1;
			};
			name = Debug;
		};
		C4EBFB2F27E202C6007DCC44 /* Release */ = {
			isa = XCBuildConfiguration;
			baseConfigurationReference = FEAAA37CEBAA210D168F4FC2 /* Pods-Adopby.release.xcconfig */;
			buildSettings = {
				ASSETCATALOG_COMPILER_APPICON_NAME = AppIcon;
				ASSETCATALOG_COMPILER_GLOBAL_ACCENT_COLOR_NAME = AccentColor;
				CODE_SIGN_STYLE = Automatic;
				CURRENT_PROJECT_VERSION = 1;
				DEVELOPMENT_TEAM = 4555MH983H;
				GENERATE_INFOPLIST_FILE = YES;
				INFOPLIST_FILE = Adopby/Info.plist;
				INFOPLIST_KEY_UIApplicationSupportsIndirectInputEvents = YES;
				INFOPLIST_KEY_UILaunchStoryboardName = LaunchScreen;
				INFOPLIST_KEY_UIMainStoryboardFile = Main;
				INFOPLIST_KEY_UISupportedInterfaceOrientations = UIInterfaceOrientationPortrait;
				INFOPLIST_KEY_UISupportedInterfaceOrientations_iPad = "UIInterfaceOrientationPortrait UIInterfaceOrientationPortraitUpsideDown UIInterfaceOrientationLandscapeLeft UIInterfaceOrientationLandscapeRight";
				INFOPLIST_KEY_UISupportedInterfaceOrientations_iPhone = "UIInterfaceOrientationPortrait UIInterfaceOrientationLandscapeLeft UIInterfaceOrientationLandscapeRight";
				IPHONEOS_DEPLOYMENT_TARGET = 13.0;
				LD_RUNPATH_SEARCH_PATHS = (
					"$(inherited)",
					"@executable_path/Frameworks",
				);
				MARKETING_VERSION = 1.0;
				PRODUCT_BUNDLE_IDENTIFIER = com.hatto.Adopby;
				PRODUCT_NAME = "$(TARGET_NAME)";
				SWIFT_EMIT_LOC_STRINGS = YES;
				SWIFT_VERSION = 5.0;
				TARGETED_DEVICE_FAMILY = 1;
			};
			name = Release;
		};
/* End XCBuildConfiguration section */

/* Begin XCConfigurationList section */
		C4EBFB1427E202C4007DCC44 /* Build configuration list for PBXProject "Adopby" */ = {
			isa = XCConfigurationList;
			buildConfigurations = (
				C4EBFB2B27E202C6007DCC44 /* Debug */,
				C4EBFB2C27E202C6007DCC44 /* Release */,
			);
			defaultConfigurationIsVisible = 0;
			defaultConfigurationName = Release;
		};
		C4EBFB2D27E202C6007DCC44 /* Build configuration list for PBXNativeTarget "Adopby" */ = {
			isa = XCConfigurationList;
			buildConfigurations = (
				C4EBFB2E27E202C6007DCC44 /* Debug */,
				C4EBFB2F27E202C6007DCC44 /* Release */,
			);
			defaultConfigurationIsVisible = 0;
			defaultConfigurationName = Release;
		};
/* End XCConfigurationList section */
	};
	rootObject = C4EBFB1127E202C4007DCC44 /* Project object */;
}
